Microsoft Visual Studio Solution File, Format Version 10.00
# Visual Studio 2008
Project("{2150E333-8FDC-42A3-9474-1A3956D46DE8}") = "error", "error", "{8265AD78-0A56-40D7-9B7A-00DE8F8FB0C7}"
EndProject
Project("{2150E333-8FDC-42A3-9474-1A3956D46DE8}") = "assert", "assert", "{F1EA81D8-19CC-43BB-9072-1D57B243680C}"
	ProjectSection(SolutionItems) = preProject
		assert\assert.build = assert\assert.build
	EndProjectSection
EndProject
Project("{2150E333-8FDC-42A3-9474-1A3956D46DE8}") = "lua_", "lua_", "{30BF7176-7B87-440F-98D4-F92EAA102491}"
EndProject
Project("{2150E333-8FDC-42A3-9474-1A3956D46DE8}") = "rtti", "rtti", "{8E8C0D34-9C30-4CF8-9C3F-8B1714245A68}"
	ProjectSection(SolutionItems) = preProject
		rtti\rtti.build = rtti\rtti.build
	EndProjectSection
EndProject
Project("{2150E333-8FDC-42A3-9474-1A3956D46DE8}") = "traits", "traits", "{9215F392-827C-4C33-BEB8-8312824EE80F}"
EndProject
Project("{2150E333-8FDC-42A3-9474-1A3956D46DE8}") = "unit", "unit", "{8D4C332C-4D7B-4452-A430-53A04C8979E5}"
EndProject
Project("{2150E333-8FDC-42A3-9474-1A3956D46DE8}") = "Solution Items", "Solution Items", "{815AED8F-0EA3-4FD5-A1A8-5E4EAE003024}"
	ProjectSection(SolutionItems) = preProject
		build.hpp = build.hpp
		build.lua = build.lua
		lua.txt = lua.txt
	EndProjectSection
EndProject
Project("{8BC9CEB8-8B4A-11D0-8D11-00A0C91BC942}") = "assert", "assert\assert.vcproj", "{A56FD593-E46E-4AA2-8845-607B82C99317}"
EndProject
Project("{8BC9CEB8-8B4A-11D0-8D11-00A0C91BC942}") = "error", "error\error.vcproj", "{F932AE48-4976-4404-B096-D21A17002250}"
EndProject
Project("{8BC9CEB8-8B4A-11D0-8D11-00A0C91BC942}") = "error_test", "error\error_test\error_test.vcproj", "{22205D14-03E3-43E1-973E-8EF1AB12CE84}"
EndProject
Project("{8BC9CEB8-8B4A-11D0-8D11-00A0C91BC942}") = "lua_test", "lua\lua_test\lua_test.vcproj", "{25A4689A-ED38-41AB-88F0-B76930C8D6F6}"
EndProject
Project("{8BC9CEB8-8B4A-11D0-8D11-00A0C91BC942}") = "lua_examples", "lua\lua_examples\lua_examples.vcproj", "{DB179093-6565-4FF4-87CB-61FE85338AC8}"
EndProject
Project("{8BC9CEB8-8B4A-11D0-8D11-00A0C91BC942}") = "rtti", "rtti\rtti.vcproj", "{13AE04A5-2583-4821-9F25-4CA9809DF440}"
EndProject
Project("{8BC9CEB8-8B4A-11D0-8D11-00A0C91BC942}") = "unit_test", "unit\unit_test\unit_test.vcproj", "{3D792911-DE63-465D-9251-448EDB912551}"
EndProject
Project("{8BC9CEB8-8B4A-11D0-8D11-00A0C91BC942}") = "lua_unit", "lua\lua_unit\lua_unit.vcproj", "{86867563-7786-4F51-BBA6-4F330353FADA}"
EndProject
Project("{8BC9CEB8-8B4A-11D0-8D11-00A0C91BC942}") = "libUnitTest", "unit\libUnitTest.vcproj", "{A162FEAC-B225-44CD-B294-2E8ADA153E2A}"
EndProject
Project("{8BC9CEB8-8B4A-11D0-8D11-00A0C91BC942}") = "lua", "lua\lua.vcproj", "{8E220932-0899-4C98-ACDE-6C5D1A480737}"
EndProject
Project("{8BC9CEB8-8B4A-11D0-8D11-00A0C91BC942}") = "traits", "traits\traits.vcproj", "{4A3D4CF1-7D45-40A1-AB87-FCB925AAA915}"
EndProject
Global
	GlobalSection(SolutionConfigurationPlatforms) = preSolution
		mingw_debug_dll|Win32 = mingw_debug_dll|Win32
		mingw_debug|Win32 = mingw_debug|Win32
		mingw_release_dll|Win32 = mingw_release_dll|Win32
		mingw_release|Win32 = mingw_release|Win32
		mingw_shipping_dll|Win32 = mingw_shipping_dll|Win32
		mingw_shipping|Win32 = mingw_shipping|Win32
		msvc_debug_dll|Win32 = msvc_debug_dll|Win32
		msvc_debug|Win32 = msvc_debug|Win32
		msvc_release_dll|Win32 = msvc_release_dll|Win32
		msvc_release|Win32 = msvc_release|Win32
		msvc_shipping_dll|Win32 = msvc_shipping_dll|Win32
		msvc_shipping|Win32 = msvc_shipping|Win32
	EndGlobalSection
	GlobalSection(ProjectConfigurationPlatforms) = postSolution
		{A56FD593-E46E-4AA2-8845-607B82C99317}.mingw_debug_dll|Win32.ActiveCfg = mingw_debug_dll|Win32
		{A56FD593-E46E-4AA2-8845-607B82C99317}.mingw_debug_dll|Win32.Build.0 = mingw_debug_dll|Win32
		{A56FD593-E46E-4AA2-8845-607B82C99317}.mingw_debug|Win32.ActiveCfg = mingw_debug|Win32
		{A56FD593-E46E-4AA2-8845-607B82C99317}.mingw_debug|Win32.Build.0 = mingw_debug|Win32
		{A56FD593-E46E-4AA2-8845-607B82C99317}.mingw_release_dll|Win32.ActiveCfg = mingw_release_dll|Win32
		{A56FD593-E46E-4AA2-8845-607B82C99317}.mingw_release_dll|Win32.Build.0 = mingw_release_dll|Win32
		{A56FD593-E46E-4AA2-8845-607B82C99317}.mingw_release|Win32.ActiveCfg = mingw_release|Win32
		{A56FD593-E46E-4AA2-8845-607B82C99317}.mingw_release|Win32.Build.0 = mingw_release|Win32
		{A56FD593-E46E-4AA2-8845-607B82C99317}.mingw_shipping_dll|Win32.ActiveCfg = mingw_shipping_dll|Win32
		{A56FD593-E46E-4AA2-8845-607B82C99317}.mingw_shipping_dll|Win32.Build.0 = mingw_shipping_dll|Win32
		{A56FD593-E46E-4AA2-8845-607B82C99317}.mingw_shipping|Win32.ActiveCfg = mingw_shipping|Win32
		{A56FD593-E46E-4AA2-8845-607B82C99317}.mingw_shipping|Win32.Build.0 = mingw_shipping|Win32
		{A56FD593-E46E-4AA2-8845-607B82C99317}.msvc_debug_dll|Win32.ActiveCfg = msvc_debug_dll|Win32
		{A56FD593-E46E-4AA2-8845-607B82C99317}.msvc_debug_dll|Win32.Build.0 = msvc_debug_dll|Win32
		{A56FD593-E46E-4AA2-8845-607B82C99317}.msvc_debug|Win32.ActiveCfg = msvc_debug|Win32
		{A56FD593-E46E-4AA2-8845-607B82C99317}.msvc_debug|Win32.Build.0 = msvc_debug|Win32
		{A56FD593-E46E-4AA2-8845-607B82C99317}.msvc_release_dll|Win32.ActiveCfg = msvc_release_dll|Win32
		{A56FD593-E46E-4AA2-8845-607B82C99317}.msvc_release_dll|Win32.Build.0 = msvc_release_dll|Win32
		{A56FD593-E46E-4AA2-8845-607B82C99317}.msvc_release|Win32.ActiveCfg = msvc_release|Win32
		{A56FD593-E46E-4AA2-8845-607B82C99317}.msvc_release|Win32.Build.0 = msvc_release|Win32
		{A56FD593-E46E-4AA2-8845-607B82C99317}.msvc_shipping_dll|Win32.ActiveCfg = msvc_shipping_dll|Win32
		{A56FD593-E46E-4AA2-8845-607B82C99317}.msvc_shipping_dll|Win32.Build.0 = msvc_shipping_dll|Win32
		{A56FD593-E46E-4AA2-8845-607B82C99317}.msvc_shipping|Win32.ActiveCfg = msvc_shipping|Win32
		{A56FD593-E46E-4AA2-8845-607B82C99317}.msvc_shipping|Win32.Build.0 = msvc_shipping|Win32
		{F932AE48-4976-4404-B096-D21A17002250}.mingw_debug_dll|Win32.ActiveCfg = mingw_debug_dll|Win32
		{F932AE48-4976-4404-B096-D21A17002250}.mingw_debug_dll|Win32.Build.0 = mingw_debug_dll|Win32
		{F932AE48-4976-4404-B096-D21A17002250}.mingw_debug|Win32.ActiveCfg = mingw_debug|Win32
		{F932AE48-4976-4404-B096-D21A17002250}.mingw_debug|Win32.Build.0 = mingw_debug|Win32
		{F932AE48-4976-4404-B096-D21A17002250}.mingw_release_dll|Win32.ActiveCfg = mingw_release_dll|Win32
		{F932AE48-4976-4404-B096-D21A17002250}.mingw_release_dll|Win32.Build.0 = mingw_release_dll|Win32
		{F932AE48-4976-4404-B096-D21A17002250}.mingw_release|Win32.ActiveCfg = mingw_release|Win32
		{F932AE48-4976-4404-B096-D21A17002250}.mingw_release|Win32.Build.0 = mingw_release|Win32
		{F932AE48-4976-4404-B096-D21A17002250}.mingw_shipping_dll|Win32.ActiveCfg = mingw_shipping_dll|Win32
		{F932AE48-4976-4404-B096-D21A17002250}.mingw_shipping_dll|Win32.Build.0 = mingw_shipping_dll|Win32
		{F932AE48-4976-4404-B096-D21A17002250}.mingw_shipping|Win32.ActiveCfg = mingw_shipping|Win32
		{F932AE48-4976-4404-B096-D21A17002250}.mingw_shipping|Win32.Build.0 = mingw_shipping|Win32
		{F932AE48-4976-4404-B096-D21A17002250}.msvc_debug_dll|Win32.ActiveCfg = msvc_debug_dll|Win32
		{F932AE48-4976-4404-B096-D21A17002250}.msvc_debug_dll|Win32.Build.0 = msvc_debug_dll|Win32
		{F932AE48-4976-4404-B096-D21A17002250}.msvc_debug|Win32.ActiveCfg = msvc_debug|Win32
		{F932AE48-4976-4404-B096-D21A17002250}.msvc_debug|Win32.Build.0 = msvc_debug|Win32
		{F932AE48-4976-4404-B096-D21A17002250}.msvc_release_dll|Win32.ActiveCfg = msvc_release_dll|Win32
		{F932AE48-4976-4404-B096-D21A17002250}.msvc_release_dll|Win32.Build.0 = msvc_release_dll|Win32
		{F932AE48-4976-4404-B096-D21A17002250}.msvc_release|Win32.ActiveCfg = msvc_release|Win32
		{F932AE48-4976-4404-B096-D21A17002250}.msvc_release|Win32.Build.0 = msvc_release|Win32
		{F932AE48-4976-4404-B096-D21A17002250}.msvc_shipping_dll|Win32.ActiveCfg = msvc_shipping_dll|Win32
		{F932AE48-4976-4404-B096-D21A17002250}.msvc_shipping_dll|Win32.Build.0 = msvc_shipping_dll|Win32
		{F932AE48-4976-4404-B096-D21A17002250}.msvc_shipping|Win32.ActiveCfg = msvc_shipping|Win32
		{F932AE48-4976-4404-B096-D21A17002250}.msvc_shipping|Win32.Build.0 = msvc_shipping|Win32
		{22205D14-03E3-43E1-973E-8EF1AB12CE84}.mingw_debug_dll|Win32.ActiveCfg = mingw_debug_dll|Win32
		{22205D14-03E3-43E1-973E-8EF1AB12CE84}.mingw_debug_dll|Win32.Build.0 = mingw_debug_dll|Win32
		{22205D14-03E3-43E1-973E-8EF1AB12CE84}.mingw_debug|Win32.ActiveCfg = mingw_debug|Win32
		{22205D14-03E3-43E1-973E-8EF1AB12CE84}.mingw_debug|Win32.Build.0 = mingw_debug|Win32
		{22205D14-03E3-43E1-973E-8EF1AB12CE84}.mingw_release_dll|Win32.ActiveCfg = mingw_release_dll|Win32
		{22205D14-03E3-43E1-973E-8EF1AB12CE84}.mingw_release_dll|Win32.Build.0 = mingw_release_dll|Win32
		{22205D14-03E3-43E1-973E-8EF1AB12CE84}.mingw_release|Win32.ActiveCfg = mingw_release|Win32
		{22205D14-03E3-43E1-973E-8EF1AB12CE84}.mingw_release|Win32.Build.0 = mingw_release|Win32
		{22205D14-03E3-43E1-973E-8EF1AB12CE84}.mingw_shipping_dll|Win32.ActiveCfg = mingw_shipping_dll|Win32
		{22205D14-03E3-43E1-973E-8EF1AB12CE84}.mingw_shipping_dll|Win32.Build.0 = mingw_shipping_dll|Win32
		{22205D14-03E3-43E1-973E-8EF1AB12CE84}.mingw_shipping|Win32.ActiveCfg = mingw_shipping|Win32
		{22205D14-03E3-43E1-973E-8EF1AB12CE84}.mingw_shipping|Win32.Build.0 = mingw_shipping|Win32
		{22205D14-03E3-43E1-973E-8EF1AB12CE84}.msvc_debug_dll|Win32.ActiveCfg = msvc_debug_dll|Win32
		{22205D14-03E3-43E1-973E-8EF1AB12CE84}.msvc_debug_dll|Win32.Build.0 = msvc_debug_dll|Win32
		{22205D14-03E3-43E1-973E-8EF1AB12CE84}.msvc_debug|Win32.ActiveCfg = msvc_debug|Win32
		{22205D14-03E3-43E1-973E-8EF1AB12CE84}.msvc_debug|Win32.Build.0 = msvc_debug|Win32
		{22205D14-03E3-43E1-973E-8EF1AB12CE84}.msvc_release_dll|Win32.ActiveCfg = msvc_release_dll|Win32
		{22205D14-03E3-43E1-973E-8EF1AB12CE84}.msvc_release_dll|Win32.Build.0 = msvc_release_dll|Win32
		{22205D14-03E3-43E1-973E-8EF1AB12CE84}.msvc_release|Win32.ActiveCfg = msvc_release|Win32
		{22205D14-03E3-43E1-973E-8EF1AB12CE84}.msvc_release|Win32.Build.0 = msvc_release|Win32
		{22205D14-03E3-43E1-973E-8EF1AB12CE84}.msvc_shipping_dll|Win32.ActiveCfg = msvc_shipping_dll|Win32
		{22205D14-03E3-43E1-973E-8EF1AB12CE84}.msvc_shipping_dll|Win32.Build.0 = msvc_shipping_dll|Win32
		{22205D14-03E3-43E1-973E-8EF1AB12CE84}.msvc_shipping|Win32.ActiveCfg = msvc_shipping|Win32
		{22205D14-03E3-43E1-973E-8EF1AB12CE84}.msvc_shipping|Win32.Build.0 = msvc_shipping|Win32
		{25A4689A-ED38-41AB-88F0-B76930C8D6F6}.mingw_debug_dll|Win32.ActiveCfg = mingw_debug_dll|Win32
		{25A4689A-ED38-41AB-88F0-B76930C8D6F6}.mingw_debug_dll|Win32.Build.0 = mingw_debug_dll|Win32
		{25A4689A-ED38-41AB-88F0-B76930C8D6F6}.mingw_debug|Win32.ActiveCfg = mingw_debug|Win32
		{25A4689A-ED38-41AB-88F0-B76930C8D6F6}.mingw_debug|Win32.Build.0 = mingw_debug|Win32
		{25A4689A-ED38-41AB-88F0-B76930C8D6F6}.mingw_release_dll|Win32.ActiveCfg = mingw_release_dll|Win32
		{25A4689A-ED38-41AB-88F0-B76930C8D6F6}.mingw_release_dll|Win32.Build.0 = mingw_release_dll|Win32
		{25A4689A-ED38-41AB-88F0-B76930C8D6F6}.mingw_release|Win32.ActiveCfg = mingw_release|Win32
		{25A4689A-ED38-41AB-88F0-B76930C8D6F6}.mingw_release|Win32.Build.0 = mingw_release|Win32
		{25A4689A-ED38-41AB-88F0-B76930C8D6F6}.mingw_shipping_dll|Win32.ActiveCfg = mingw_shipping_dll|Win32
		{25A4689A-ED38-41AB-88F0-B76930C8D6F6}.mingw_shipping_dll|Win32.Build.0 = mingw_shipping_dll|Win32
		{25A4689A-ED38-41AB-88F0-B76930C8D6F6}.mingw_shipping|Win32.ActiveCfg = mingw_shipping|Win32
		{25A4689A-ED38-41AB-88F0-B76930C8D6F6}.mingw_shipping|Win32.Build.0 = mingw_shipping|Win32
		{25A4689A-ED38-41AB-88F0-B76930C8D6F6}.msvc_debug_dll|Win32.ActiveCfg = msvc_debug_dll|Win32
		{25A4689A-ED38-41AB-88F0-B76930C8D6F6}.msvc_debug_dll|Win32.Build.0 = msvc_debug_dll|Win32
		{25A4689A-ED38-41AB-88F0-B76930C8D6F6}.msvc_debug|Win32.ActiveCfg = msvc_debug|Win32
		{25A4689A-ED38-41AB-88F0-B76930C8D6F6}.msvc_debug|Win32.Build.0 = msvc_debug|Win32
		{25A4689A-ED38-41AB-88F0-B76930C8D6F6}.msvc_release_dll|Win32.ActiveCfg = msvc_release_dll|Win32
		{25A4689A-ED38-41AB-88F0-B76930C8D6F6}.msvc_release_dll|Win32.Build.0 = msvc_release_dll|Win32
		{25A4689A-ED38-41AB-88F0-B76930C8D6F6}.msvc_release|Win32.ActiveCfg = msvc_release|Win32
		{25A4689A-ED38-41AB-88F0-B76930C8D6F6}.msvc_release|Win32.Build.0 = msvc_release|Win32
		{25A4689A-ED38-41AB-88F0-B76930C8D6F6}.msvc_shipping_dll|Win32.ActiveCfg = msvc_shipping_dll|Win32
		{25A4689A-ED38-41AB-88F0-B76930C8D6F6}.msvc_shipping_dll|Win32.Build.0 = msvc_shipping_dll|Win32
		{25A4689A-ED38-41AB-88F0-B76930C8D6F6}.msvc_shipping|Win32.ActiveCfg = msvc_shipping|Win32
		{25A4689A-ED38-41AB-88F0-B76930C8D6F6}.msvc_shipping|Win32.Build.0 = msvc_shipping|Win32
		{DB179093-6565-4FF4-87CB-61FE85338AC8}.mingw_debug_dll|Win32.ActiveCfg = mingw_debug_dll|Win32
		{DB179093-6565-4FF4-87CB-61FE85338AC8}.mingw_debug_dll|Win32.Build.0 = mingw_debug_dll|Win32
		{DB179093-6565-4FF4-87CB-61FE85338AC8}.mingw_debug|Win32.ActiveCfg = mingw_debug|Win32
		{DB179093-6565-4FF4-87CB-61FE85338AC8}.mingw_debug|Win32.Build.0 = mingw_debug|Win32
		{DB179093-6565-4FF4-87CB-61FE85338AC8}.mingw_release_dll|Win32.ActiveCfg = mingw_release_dll|Win32
		{DB179093-6565-4FF4-87CB-61FE85338AC8}.mingw_release_dll|Win32.Build.0 = mingw_release_dll|Win32
		{DB179093-6565-4FF4-87CB-61FE85338AC8}.mingw_release|Win32.ActiveCfg = mingw_release|Win32
		{DB179093-6565-4FF4-87CB-61FE85338AC8}.mingw_release|Win32.Build.0 = mingw_release|Win32
		{DB179093-6565-4FF4-87CB-61FE85338AC8}.mingw_shipping_dll|Win32.ActiveCfg = mingw_shipping_dll|Win32
		{DB179093-6565-4FF4-87CB-61FE85338AC8}.mingw_shipping_dll|Win32.Build.0 = mingw_shipping_dll|Win32
		{DB179093-6565-4FF4-87CB-61FE85338AC8}.mingw_shipping|Win32.ActiveCfg = mingw_shipping|Win32
		{DB179093-6565-4FF4-87CB-61FE85338AC8}.mingw_shipping|Win32.Build.0 = mingw_shipping|Win32
		{DB179093-6565-4FF4-87CB-61FE85338AC8}.msvc_debug_dll|Win32.ActiveCfg = msvc_debug_dll|Win32
		{DB179093-6565-4FF4-87CB-61FE85338AC8}.msvc_debug_dll|Win32.Build.0 = msvc_debug_dll|Win32
		{DB179093-6565-4FF4-87CB-61FE85338AC8}.msvc_debug|Win32.ActiveCfg = msvc_debug|Win32
		{DB179093-6565-4FF4-87CB-61FE85338AC8}.msvc_debug|Win32.Build.0 = msvc_debug|Win32
		{DB179093-6565-4FF4-87CB-61FE85338AC8}.msvc_release_dll|Win32.ActiveCfg = msvc_release_dll|Win32
		{DB179093-6565-4FF4-87CB-61FE85338AC8}.msvc_release_dll|Win32.Build.0 = msvc_release_dll|Win32
		{DB179093-6565-4FF4-87CB-61FE85338AC8}.msvc_release|Win32.ActiveCfg = msvc_release|Win32
		{DB179093-6565-4FF4-87CB-61FE85338AC8}.msvc_release|Win32.Build.0 = msvc_release|Win32
		{DB179093-6565-4FF4-87CB-61FE85338AC8}.msvc_shipping_dll|Win32.ActiveCfg = msvc_shipping_dll|Win32
		{DB179093-6565-4FF4-87CB-61FE85338AC8}.msvc_shipping_dll|Win32.Build.0 = msvc_shipping_dll|Win32
		{DB179093-6565-4FF4-87CB-61FE85338AC8}.msvc_shipping|Win32.ActiveCfg = msvc_shipping|Win32
		{DB179093-6565-4FF4-87CB-61FE85338AC8}.msvc_shipping|Win32.Build.0 = msvc_shipping|Win32
		{13AE04A5-2583-4821-9F25-4CA9809DF440}.mingw_debug_dll|Win32.ActiveCfg = mingw_debug_dll|Win32
		{13AE04A5-2583-4821-9F25-4CA9809DF440}.mingw_debug_dll|Win32.Build.0 = mingw_debug_dll|Win32
		{13AE04A5-2583-4821-9F25-4CA9809DF440}.mingw_debug|Win32.ActiveCfg = mingw_debug|Win32
		{13AE04A5-2583-4821-9F25-4CA9809DF440}.mingw_debug|Win32.Build.0 = mingw_debug|Win32
		{13AE04A5-2583-4821-9F25-4CA9809DF440}.mingw_release_dll|Win32.ActiveCfg = mingw_release_dll|Win32
		{13AE04A5-2583-4821-9F25-4CA9809DF440}.mingw_release_dll|Win32.Build.0 = mingw_release_dll|Win32
		{13AE04A5-2583-4821-9F25-4CA9809DF440}.mingw_release|Win32.ActiveCfg = mingw_release|Win32
		{13AE04A5-2583-4821-9F25-4CA9809DF440}.mingw_release|Win32.Build.0 = mingw_release|Win32
		{13AE04A5-2583-4821-9F25-4CA9809DF440}.mingw_shipping_dll|Win32.ActiveCfg = mingw_shipping_dll|Win32
		{13AE04A5-2583-4821-9F25-4CA9809DF440}.mingw_shipping_dll|Win32.Build.0 = mingw_shipping_dll|Win32
		{13AE04A5-2583-4821-9F25-4CA9809DF440}.mingw_shipping|Win32.ActiveCfg = mingw_shipping|Win32
		{13AE04A5-2583-4821-9F25-4CA9809DF440}.mingw_shipping|Win32.Build.0 = mingw_shipping|Win32
		{13AE04A5-2583-4821-9F25-4CA9809DF440}.msvc_debug_dll|Win32.ActiveCfg = msvc_debug_dll|Win32
		{13AE04A5-2583-4821-9F25-4CA9809DF440}.msvc_debug_dll|Win32.Build.0 = msvc_debug_dll|Win32
		{13AE04A5-2583-4821-9F25-4CA9809DF440}.msvc_debug|Win32.ActiveCfg = msvc_debug|Win32
		{13AE04A5-2583-4821-9F25-4CA9809DF440}.msvc_debug|Win32.Build.0 = msvc_debug|Win32
		{13AE04A5-2583-4821-9F25-4CA9809DF440}.msvc_release_dll|Win32.ActiveCfg = msvc_release_dll|Win32
		{13AE04A5-2583-4821-9F25-4CA9809DF440}.msvc_release_dll|Win32.Build.0 = msvc_release_dll|Win32
		{13AE04A5-2583-4821-9F25-4CA9809DF440}.msvc_release|Win32.ActiveCfg = msvc_release|Win32
		{13AE04A5-2583-4821-9F25-4CA9809DF440}.msvc_release|Win32.Build.0 = msvc_release|Win32
		{13AE04A5-2583-4821-9F25-4CA9809DF440}.msvc_shipping_dll|Win32.ActiveCfg = msvc_shipping_dll|Win32
		{13AE04A5-2583-4821-9F25-4CA9809DF440}.msvc_shipping_dll|Win32.Build.0 = msvc_shipping_dll|Win32
		{13AE04A5-2583-4821-9F25-4CA9809DF440}.msvc_shipping|Win32.ActiveCfg = msvc_shipping|Win32
		{13AE04A5-2583-4821-9F25-4CA9809DF440}.msvc_shipping|Win32.Build.0 = msvc_shipping|Win32
		{3D792911-DE63-465D-9251-448EDB912551}.mingw_debug_dll|Win32.ActiveCfg = mingw_debug_dll|Win32
		{3D792911-DE63-465D-9251-448EDB912551}.mingw_debug_dll|Win32.Build.0 = mingw_debug_dll|Win32
		{3D792911-DE63-465D-9251-448EDB912551}.mingw_debug|Win32.ActiveCfg = mingw_debug|Win32
		{3D792911-DE63-465D-9251-448EDB912551}.mingw_debug|Win32.Build.0 = mingw_debug|Win32
		{3D792911-DE63-465D-9251-448EDB912551}.mingw_release_dll|Win32.ActiveCfg = mingw_release_dll|Win32
		{3D792911-DE63-465D-9251-448EDB912551}.mingw_release_dll|Win32.Build.0 = mingw_release_dll|Win32
		{3D792911-DE63-465D-9251-448EDB912551}.mingw_release|Win32.ActiveCfg = mingw_release|Win32
		{3D792911-DE63-465D-9251-448EDB912551}.mingw_release|Win32.Build.0 = mingw_release|Win32
		{3D792911-DE63-465D-9251-448EDB912551}.mingw_shipping_dll|Win32.ActiveCfg = mingw_shipping_dll|Win32
		{3D792911-DE63-465D-9251-448EDB912551}.mingw_shipping_dll|Win32.Build.0 = mingw_shipping_dll|Win32
		{3D792911-DE63-465D-9251-448EDB912551}.mingw_shipping|Win32.ActiveCfg = mingw_shipping|Win32
		{3D792911-DE63-465D-9251-448EDB912551}.mingw_shipping|Win32.Build.0 = mingw_shipping|Win32
		{3D792911-DE63-465D-9251-448EDB912551}.msvc_debug_dll|Win32.ActiveCfg = msvc_debug_dll|Win32
		{3D792911-DE63-465D-9251-448EDB912551}.msvc_debug_dll|Win32.Build.0 = msvc_debug_dll|Win32
		{3D792911-DE63-465D-9251-448EDB912551}.msvc_debug|Win32.ActiveCfg = msvc_debug|Win32
		{3D792911-DE63-465D-9251-448EDB912551}.msvc_debug|Win32.Build.0 = msvc_debug|Win32
		{3D792911-DE63-465D-9251-448EDB912551}.msvc_release_dll|Win32.ActiveCfg = msvc_release_dll|Win32
		{3D792911-DE63-465D-9251-448EDB912551}.msvc_release_dll|Win32.Build.0 = msvc_release_dll|Win32
		{3D792911-DE63-465D-9251-448EDB912551}.msvc_release|Win32.ActiveCfg = msvc_release|Win32
		{3D792911-DE63-465D-9251-448EDB912551}.msvc_release|Win32.Build.0 = msvc_release|Win32
		{3D792911-DE63-465D-9251-448EDB912551}.msvc_shipping_dll|Win32.ActiveCfg = msvc_shipping_dll|Win32
		{3D792911-DE63-465D-9251-448EDB912551}.msvc_shipping_dll|Win32.Build.0 = msvc_shipping_dll|Win32
		{3D792911-DE63-465D-9251-448EDB912551}.msvc_shipping|Win32.ActiveCfg = msvc_shipping|Win32
		{3D792911-DE63-465D-9251-448EDB912551}.msvc_shipping|Win32.Build.0 = msvc_shipping|Win32
		{86867563-7786-4F51-BBA6-4F330353FADA}.mingw_debug_dll|Win32.ActiveCfg = mingw_debug_dll|Win32
		{86867563-7786-4F51-BBA6-4F330353FADA}.mingw_debug_dll|Win32.Build.0 = mingw_debug_dll|Win32
		{86867563-7786-4F51-BBA6-4F330353FADA}.mingw_debug|Win32.ActiveCfg = mingw_debug|Win32
		{86867563-7786-4F51-BBA6-4F330353FADA}.mingw_debug|Win32.Build.0 = mingw_debug|Win32
		{86867563-7786-4F51-BBA6-4F330353FADA}.mingw_release_dll|Win32.ActiveCfg = mingw_release_dll|Win32
		{86867563-7786-4F51-BBA6-4F330353FADA}.mingw_release_dll|Win32.Build.0 = mingw_release_dll|Win32
		{86867563-7786-4F51-BBA6-4F330353FADA}.mingw_release|Win32.ActiveCfg = mingw_release|Win32
		{86867563-7786-4F51-BBA6-4F330353FADA}.mingw_release|Win32.Build.0 = mingw_release|Win32
		{86867563-7786-4F51-BBA6-4F330353FADA}.mingw_shipping_dll|Win32.ActiveCfg = mingw_shipping_dll|Win32
		{86867563-7786-4F51-BBA6-4F330353FADA}.mingw_shipping_dll|Win32.Build.0 = mingw_shipping_dll|Win32
		{86867563-7786-4F51-BBA6-4F330353FADA}.mingw_shipping|Win32.ActiveCfg = mingw_shipping|Win32
		{86867563-7786-4F51-BBA6-4F330353FADA}.mingw_shipping|Win32.Build.0 = mingw_shipping|Win32
		{86867563-7786-4F51-BBA6-4F330353FADA}.msvc_debug_dll|Win32.ActiveCfg = msvc_debug_dll|Win32
		{86867563-7786-4F51-BBA6-4F330353FADA}.msvc_debug_dll|Win32.Build.0 = msvc_debug_dll|Win32
		{86867563-7786-4F51-BBA6-4F330353FADA}.msvc_debug|Win32.ActiveCfg = msvc_debug|Win32
		{86867563-7786-4F51-BBA6-4F330353FADA}.msvc_debug|Win32.Build.0 = msvc_debug|Win32
		{86867563-7786-4F51-BBA6-4F330353FADA}.msvc_release_dll|Win32.ActiveCfg = msvc_release_dll|Win32
		{86867563-7786-4F51-BBA6-4F330353FADA}.msvc_release_dll|Win32.Build.0 = msvc_release_dll|Win32
		{86867563-7786-4F51-BBA6-4F330353FADA}.msvc_release|Win32.ActiveCfg = msvc_release|Win32
		{86867563-7786-4F51-BBA6-4F330353FADA}.msvc_release|Win32.Build.0 = msvc_release|Win32
		{86867563-7786-4F51-BBA6-4F330353FADA}.msvc_shipping_dll|Win32.ActiveCfg = msvc_shipping_dll|Win32
		{86867563-7786-4F51-BBA6-4F330353FADA}.msvc_shipping_dll|Win32.Build.0 = msvc_shipping_dll|Win32
		{86867563-7786-4F51-BBA6-4F330353FADA}.msvc_shipping|Win32.ActiveCfg = msvc_shipping|Win32
		{86867563-7786-4F51-BBA6-4F330353FADA}.msvc_shipping|Win32.Build.0 = msvc_shipping|Win32
		{A162FEAC-B225-44CD-B294-2E8ADA153E2A}.mingw_debug_dll|Win32.ActiveCfg = mingw_debug_dll|Win32
		{A162FEAC-B225-44CD-B294-2E8ADA153E2A}.mingw_debug_dll|Win32.Build.0 = mingw_debug_dll|Win32
		{A162FEAC-B225-44CD-B294-2E8ADA153E2A}.mingw_debug|Win32.ActiveCfg = mingw_debug|Win32
		{A162FEAC-B225-44CD-B294-2E8ADA153E2A}.mingw_debug|Win32.Build.0 = mingw_debug|Win32
		{A162FEAC-B225-44CD-B294-2E8ADA153E2A}.mingw_release_dll|Win32.ActiveCfg = mingw_release_dll|Win32
		{A162FEAC-B225-44CD-B294-2E8ADA153E2A}.mingw_release_dll|Win32.Build.0 = mingw_release_dll|Win32
		{A162FEAC-B225-44CD-B294-2E8ADA153E2A}.mingw_release|Win32.ActiveCfg = mingw_release|Win32
		{A162FEAC-B225-44CD-B294-2E8ADA153E2A}.mingw_release|Win32.Build.0 = mingw_release|Win32
		{A162FEAC-B225-44CD-B294-2E8ADA153E2A}.mingw_shipping_dll|Win32.ActiveCfg = mingw_shipping_dll|Win32
		{A162FEAC-B225-44CD-B294-2E8ADA153E2A}.mingw_shipping_dll|Win32.Build.0 = mingw_shipping_dll|Win32
		{A162FEAC-B225-44CD-B294-2E8ADA153E2A}.mingw_shipping|Win32.ActiveCfg = mingw_shipping|Win32
		{A162FEAC-B225-44CD-B294-2E8ADA153E2A}.mingw_shipping|Win32.Build.0 = mingw_shipping|Win32
		{A162FEAC-B225-44CD-B294-2E8ADA153E2A}.msvc_debug_dll|Win32.ActiveCfg = msvc_debug_dll|Win32
		{A162FEAC-B225-44CD-B294-2E8ADA153E2A}.msvc_debug_dll|Win32.Build.0 = msvc_debug_dll|Win32
		{A162FEAC-B225-44CD-B294-2E8ADA153E2A}.msvc_debug|Win32.ActiveCfg = msvc_debug|Win32
		{A162FEAC-B225-44CD-B294-2E8ADA153E2A}.msvc_debug|Win32.Build.0 = msvc_debug|Win32
		{A162FEAC-B225-44CD-B294-2E8ADA153E2A}.msvc_release_dll|Win32.ActiveCfg = msvc_release_dll|Win32
		{A162FEAC-B225-44CD-B294-2E8ADA153E2A}.msvc_release_dll|Win32.Build.0 = msvc_release_dll|Win32
		{A162FEAC-B225-44CD-B294-2E8ADA153E2A}.msvc_release|Win32.ActiveCfg = msvc_release|Win32
		{A162FEAC-B225-44CD-B294-2E8ADA153E2A}.msvc_release|Win32.Build.0 = msvc_release|Win32
		{A162FEAC-B225-44CD-B294-2E8ADA153E2A}.msvc_shipping_dll|Win32.ActiveCfg = msvc_shipping_dll|Win32
		{A162FEAC-B225-44CD-B294-2E8ADA153E2A}.msvc_shipping_dll|Win32.Build.0 = msvc_shipping_dll|Win32
		{A162FEAC-B225-44CD-B294-2E8ADA153E2A}.msvc_shipping|Win32.ActiveCfg = msvc_shipping|Win32
		{A162FEAC-B225-44CD-B294-2E8ADA153E2A}.msvc_shipping|Win32.Build.0 = msvc_shipping|Win32
		{8E220932-0899-4C98-ACDE-6C5D1A480737}.mingw_debug_dll|Win32.ActiveCfg = mingw_debug_dll|Win32
		{8E220932-0899-4C98-ACDE-6C5D1A480737}.mingw_debug_dll|Win32.Build.0 = mingw_debug_dll|Win32
		{8E220932-0899-4C98-ACDE-6C5D1A480737}.mingw_debug|Win32.ActiveCfg = mingw_debug|Win32
		{8E220932-0899-4C98-ACDE-6C5D1A480737}.mingw_debug|Win32.Build.0 = mingw_debug|Win32
		{8E220932-0899-4C98-ACDE-6C5D1A480737}.mingw_release_dll|Win32.ActiveCfg = mingw_release_dll|Win32
		{8E220932-0899-4C98-ACDE-6C5D1A480737}.mingw_release_dll|Win32.Build.0 = mingw_release_dll|Win32
		{8E220932-0899-4C98-ACDE-6C5D1A480737}.mingw_release|Win32.ActiveCfg = mingw_release|Win32
		{8E220932-0899-4C98-ACDE-6C5D1A480737}.mingw_release|Win32.Build.0 = mingw_release|Win32
		{8E220932-0899-4C98-ACDE-6C5D1A480737}.mingw_shipping_dll|Win32.ActiveCfg = mingw_shipping_dll|Win32
		{8E220932-0899-4C98-ACDE-6C5D1A480737}.mingw_shipping_dll|Win32.Build.0 = mingw_shipping_dll|Win32
		{8E220932-0899-4C98-ACDE-6C5D1A480737}.mingw_shipping|Win32.ActiveCfg = mingw_shipping|Win32
		{8E220932-0899-4C98-ACDE-6C5D1A480737}.mingw_shipping|Win32.Build.0 = mingw_shipping|Win32
		{8E220932-0899-4C98-ACDE-6C5D1A480737}.msvc_debug_dll|Win32.ActiveCfg = msvc_debug_dll|Win32
		{8E220932-0899-4C98-ACDE-6C5D1A480737}.msvc_debug_dll|Win32.Build.0 = msvc_debug_dll|Win32
		{8E220932-0899-4C98-ACDE-6C5D1A480737}.msvc_debug|Win32.ActiveCfg = msvc_debug|Win32
		{8E220932-0899-4C98-ACDE-6C5D1A480737}.msvc_debug|Win32.Build.0 = msvc_debug|Win32
		{8E220932-0899-4C98-ACDE-6C5D1A480737}.msvc_release_dll|Win32.ActiveCfg = msvc_release_dll|Win32
		{8E220932-0899-4C98-ACDE-6C5D1A480737}.msvc_release_dll|Win32.Build.0 = msvc_release_dll|Win32
		{8E220932-0899-4C98-ACDE-6C5D1A480737}.msvc_release|Win32.ActiveCfg = msvc_release|Win32
		{8E220932-0899-4C98-ACDE-6C5D1A480737}.msvc_release|Win32.Build.0 = msvc_release|Win32
		{8E220932-0899-4C98-ACDE-6C5D1A480737}.msvc_shipping_dll|Win32.ActiveCfg = msvc_shipping_dll|Win32
		{8E220932-0899-4C98-ACDE-6C5D1A480737}.msvc_shipping_dll|Win32.Build.0 = msvc_shipping_dll|Win32
		{8E220932-0899-4C98-ACDE-6C5D1A480737}.msvc_shipping|Win32.ActiveCfg = msvc_shipping|Win32
		{8E220932-0899-4C98-ACDE-6C5D1A480737}.msvc_shipping|Win32.Build.0 = msvc_shipping|Win32
		{4A3D4CF1-7D45-40A1-AB87-FCB925AAA915}.mingw_debug_dll|Win32.ActiveCfg = mingw_debug_dll|Win32
		{4A3D4CF1-7D45-40A1-AB87-FCB925AAA915}.mingw_debug_dll|Win32.Build.0 = mingw_debug_dll|Win32
		{4A3D4CF1-7D45-40A1-AB87-FCB925AAA915}.mingw_debug|Win32.ActiveCfg = mingw_debug|Win32
		{4A3D4CF1-7D45-40A1-AB87-FCB925AAA915}.mingw_debug|Win32.Build.0 = mingw_debug|Win32
		{4A3D4CF1-7D45-40A1-AB87-FCB925AAA915}.mingw_release_dll|Win32.ActiveCfg = mingw_release_dll|Win32
		{4A3D4CF1-7D45-40A1-AB87-FCB925AAA915}.mingw_release_dll|Win32.Build.0 = mingw_release_dll|Win32
		{4A3D4CF1-7D45-40A1-AB87-FCB925AAA915}.mingw_release|Win32.ActiveCfg = mingw_release|Win32
		{4A3D4CF1-7D45-40A1-AB87-FCB925AAA915}.mingw_release|Win32.Build.0 = mingw_release|Win32
		{4A3D4CF1-7D45-40A1-AB87-FCB925AAA915}.mingw_shipping_dll|Win32.ActiveCfg = mingw_shipping_dll|Win32
		{4A3D4CF1-7D45-40A1-AB87-FCB925AAA915}.mingw_shipping_dll|Win32.Build.0 = mingw_shipping_dll|Win32
		{4A3D4CF1-7D45-40A1-AB87-FCB925AAA915}.mingw_shipping|Win32.ActiveCfg = mingw_shipping|Win32
		{4A3D4CF1-7D45-40A1-AB87-FCB925AAA915}.mingw_shipping|Win32.Build.0 = mingw_shipping|Win32
		{4A3D4CF1-7D45-40A1-AB87-FCB925AAA915}.msvc_debug_dll|Win32.ActiveCfg = msvc_debug_dll|Win32
		{4A3D4CF1-7D45-40A1-AB87-FCB925AAA915}.msvc_debug_dll|Win32.Build.0 = msvc_debug_dll|Win32
		{4A3D4CF1-7D45-40A1-AB87-FCB925AAA915}.msvc_debug|Win32.ActiveCfg = msvc_debug|Win32
		{4A3D4CF1-7D45-40A1-AB87-FCB925AAA915}.msvc_debug|Win32.Build.0 = msvc_debug|Win32
		{4A3D4CF1-7D45-40A1-AB87-FCB925AAA915}.msvc_release_dll|Win32.ActiveCfg = msvc_release_dll|Win32
		{4A3D4CF1-7D45-40A1-AB87-FCB925AAA915}.msvc_release_dll|Win32.Build.0 = msvc_release_dll|Win32
		{4A3D4CF1-7D45-40A1-AB87-FCB925AAA915}.msvc_release|Win32.ActiveCfg = msvc_release|Win32
		{4A3D4CF1-7D45-40A1-AB87-FCB925AAA915}.msvc_release|Win32.Build.0 = msvc_release|Win32
		{4A3D4CF1-7D45-40A1-AB87-FCB925AAA915}.msvc_shipping_dll|Win32.ActiveCfg = msvc_shipping_dll|Win32
		{4A3D4CF1-7D45-40A1-AB87-FCB925AAA915}.msvc_shipping_dll|Win32.Build.0 = msvc_shipping_dll|Win32
		{4A3D4CF1-7D45-40A1-AB87-FCB925AAA915}.msvc_shipping|Win32.ActiveCfg = msvc_shipping|Win32
		{4A3D4CF1-7D45-40A1-AB87-FCB925AAA915}.msvc_shipping|Win32.Build.0 = msvc_shipping|Win32
	EndGlobalSection
	GlobalSection(SolutionProperties) = preSolution
		HideSolutionNode = FALSE
	EndGlobalSection
	GlobalSection(NestedProjects) = preSolution
		{F932AE48-4976-4404-B096-D21A17002250} = {8265AD78-0A56-40D7-9B7A-00DE8F8FB0C7}
		{22205D14-03E3-43E1-973E-8EF1AB12CE84} = {8265AD78-0A56-40D7-9B7A-00DE8F8FB0C7}
		{A56FD593-E46E-4AA2-8845-607B82C99317} = {F1EA81D8-19CC-43BB-9072-1D57B243680C}
		{8E220932-0899-4C98-ACDE-6C5D1A480737} = {30BF7176-7B87-440F-98D4-F92EAA102491}
		{86867563-7786-4F51-BBA6-4F330353FADA} = {30BF7176-7B87-440F-98D4-F92EAA102491}
		{DB179093-6565-4FF4-87CB-61FE85338AC8} = {30BF7176-7B87-440F-98D4-F92EAA102491}
		{25A4689A-ED38-41AB-88F0-B76930C8D6F6} = {30BF7176-7B87-440F-98D4-F92EAA102491}
		{13AE04A5-2583-4821-9F25-4CA9809DF440} = {8E8C0D34-9C30-4CF8-9C3F-8B1714245A68}
		{4A3D4CF1-7D45-40A1-AB87-FCB925AAA915} = {9215F392-827C-4C33-BEB8-8312824EE80F}
		{A162FEAC-B225-44CD-B294-2E8ADA153E2A} = {8D4C332C-4D7B-4452-A430-53A04C8979E5}
		{3D792911-DE63-465D-9251-448EDB912551} = {8D4C332C-4D7B-4452-A430-53A04C8979E5}
	EndGlobalSection
EndGlobal
